// !$*UTF8*$!
{
	archiveVersion = 1;
	classes = {
	};
	objectVersion = 56;
	objects = {

/* Begin PBXBuildFile section */
		1A6665DA09C6575DF7160CF1 /* Pods_ScrumdingerTests.framework in Frameworks */ = {isa = PBXBuildFile; fileRef = F5AB28E77CC575D1A76AF032 /* Pods_ScrumdingerTests.framework */; };
		2DD2BE4B93A31321FD4E955E /* Pods_Scrumdinger_ScrumdingerUITests.framework in Frameworks */ = {isa = PBXBuildFile; fileRef = 5E6D1A338D365C937C6C0F96 /* Pods_Scrumdinger_ScrumdingerUITests.framework */; };
		7C1BEB942C87FD7700145790 /* Views+Env.swift in Sources */ = {isa = PBXBuildFile; fileRef = 7C1BEB932C87FD7700145790 /* Views+Env.swift */; };
		7C92CF222C72DA18008FDC16 /* Resource.swift in Sources */ = {isa = PBXBuildFile; fileRef = 7C92CF212C72DA18008FDC16 /* Resource.swift */; };
		7CB1D6C02C8814EB007A587C /* Dummy.swift in Sources */ = {isa = PBXBuildFile; fileRef = 7CB1D6BF2C8814EB007A587C /* Dummy.swift */; };
		7CD0E1442C6EDA6700300FE4 /* Date+Scrumdinger.swift in Sources */ = {isa = PBXBuildFile; fileRef = 7CD0E1432C6EDA6700300FE4 /* Date+Scrumdinger.swift */; };
		7CD403382C61E19100AF69E9 /* ScrumTimer.swift in Sources */ = {isa = PBXBuildFile; fileRef = 7CD403372C61E19100AF69E9 /* ScrumTimer.swift */; };
		7CD4033F2C6204AC00AF69E9 /* NewScrumSheet.swift in Sources */ = {isa = PBXBuildFile; fileRef = 7CD4033E2C6204AC00AF69E9 /* NewScrumSheet.swift */; };
		7CD403412C62050500AF69E9 /* EditScrumSheet.swift in Sources */ = {isa = PBXBuildFile; fileRef = 7CD403402C62050500AF69E9 /* EditScrumSheet.swift */; };
		7CD403432C62068C00AF69E9 /* History.swift in Sources */ = {isa = PBXBuildFile; fileRef = 7CD403422C62068C00AF69E9 /* History.swift */; };
		7CD403452C620FCA00AF69E9 /* ScrumStore.swift in Sources */ = {isa = PBXBuildFile; fileRef = 7CD403442C620FCA00AF69E9 /* ScrumStore.swift */; };
		7CD403472C6212B200AF69E9 /* ErrorWrapper.swift in Sources */ = {isa = PBXBuildFile; fileRef = 7CD403462C6212B200AF69E9 /* ErrorWrapper.swift */; };
		7CD403492C62134300AF69E9 /* ErrorView.swift in Sources */ = {isa = PBXBuildFile; fileRef = 7CD403482C62134300AF69E9 /* ErrorView.swift */; };
		7CD4034B2C621F5400AF69E9 /* MeetingTimerView.swift in Sources */ = {isa = PBXBuildFile; fileRef = 7CD4034A2C621F5400AF69E9 /* MeetingTimerView.swift */; };
		7CD4034D2C621FAF00AF69E9 /* SpeakerArc.swift in Sources */ = {isa = PBXBuildFile; fileRef = 7CD4034C2C621FAF00AF69E9 /* SpeakerArc.swift */; };
		7CD4034F2C6222BA00AF69E9 /* SpeechRecognizer.swift in Sources */ = {isa = PBXBuildFile; fileRef = 7CD4034E2C6222BA00AF69E9 /* SpeechRecognizer.swift */; };
		7CD403512C62241100AF69E9 /* HistoryView.swift in Sources */ = {isa = PBXBuildFile; fileRef = 7CD403502C62241100AF69E9 /* HistoryView.swift */; };
		7CD7CA252C65AB0C00E6C5C0 /* AVPlayer+Ding.swift in Sources */ = {isa = PBXBuildFile; fileRef = 7CD7CA242C65AB0C00E6C5C0 /* AVPlayer+Ding.swift */; };
		7CD7CA2C2C65AB5700E6C5C0 /* ding.wav in Resources */ = {isa = PBXBuildFile; fileRef = 7CD7CA2B2C65AB5700E6C5C0 /* ding.wav */; };
		7CE3F20A2C60CCA8009D3748 /* ScrumdingerApp.swift in Sources */ = {isa = PBXBuildFile; fileRef = 7CE3F2092C60CCA8009D3748 /* ScrumdingerApp.swift */; };
		7CE3F20C2C60CCA8009D3748 /* MeetingView.swift in Sources */ = {isa = PBXBuildFile; fileRef = 7CE3F20B2C60CCA8009D3748 /* MeetingView.swift */; };
		7CE3F20E2C60CCA9009D3748 /* Assets.xcassets in Resources */ = {isa = PBXBuildFile; fileRef = 7CE3F20D2C60CCA9009D3748 /* Assets.xcassets */; };
		7CE3F2112C60CCA9009D3748 /* Preview Assets.xcassets in Resources */ = {isa = PBXBuildFile; fileRef = 7CE3F2102C60CCA9009D3748 /* Preview Assets.xcassets */; };
		7CE3F21B2C60CCA9009D3748 /* ScrumdingerTests.swift in Sources */ = {isa = PBXBuildFile; fileRef = 7CE3F21A2C60CCA9009D3748 /* ScrumdingerTests.swift */; };
		7CE3F2252C60CCA9009D3748 /* ScrumdingerUITests.swift in Sources */ = {isa = PBXBuildFile; fileRef = 7CE3F2242C60CCA9009D3748 /* ScrumdingerUITests.swift */; };
		7CE3F2272C60CCA9009D3748 /* ScrumdingerUITestsLaunchTests.swift in Sources */ = {isa = PBXBuildFile; fileRef = 7CE3F2262C60CCA9009D3748 /* ScrumdingerUITestsLaunchTests.swift */; };
		7CE3F2352C61AB90009D3748 /* Theme.swift in Sources */ = {isa = PBXBuildFile; fileRef = 7CE3F2342C61AB90009D3748 /* Theme.swift */; };
		7CE3F2372C61ABE0009D3748 /* DailyScrum.swift in Sources */ = {isa = PBXBuildFile; fileRef = 7CE3F2362C61ABE0009D3748 /* DailyScrum.swift */; };
		7CE3F2392C61B430009D3748 /* CardView.swift in Sources */ = {isa = PBXBuildFile; fileRef = 7CE3F2382C61B430009D3748 /* CardView.swift */; };
		7CE3F23B2C61BCD0009D3748 /* TrailingIconLabelStyle.swift in Sources */ = {isa = PBXBuildFile; fileRef = 7CE3F23A2C61BCD0009D3748 /* TrailingIconLabelStyle.swift */; };
		7CE3F23D2C61C310009D3748 /* ScrumsView.swift in Sources */ = {isa = PBXBuildFile; fileRef = 7CE3F23C2C61C310009D3748 /* ScrumsView.swift */; };
		7CE3F23F2C61C59C009D3748 /* DetailView.swift in Sources */ = {isa = PBXBuildFile; fileRef = 7CE3F23E2C61C59C009D3748 /* DetailView.swift */; };
		7CE3F2412C61C95D009D3748 /* DetailEditView.swift in Sources */ = {isa = PBXBuildFile; fileRef = 7CE3F2402C61C95D009D3748 /* DetailEditView.swift */; };
		7CE3F2442C61D6F1009D3748 /* ThemeView.swift in Sources */ = {isa = PBXBuildFile; fileRef = 7CE3F2432C61D6F1009D3748 /* ThemeView.swift */; };
		7CE3F2462C61D79A009D3748 /* ThemePicker.swift in Sources */ = {isa = PBXBuildFile; fileRef = 7CE3F2452C61D79A009D3748 /* ThemePicker.swift */; };
		7CEBAFE92C8760F1004AA198 /* NSArray+Scrumdinger.swift in Sources */ = {isa = PBXBuildFile; fileRef = 7CEBAFE82C8760F1004AA198 /* NSArray+Scrumdinger.swift */; };
		BACA2F89788AAF5B96D62B86 /* Pods_Scrumdinger.framework in Frameworks */ = {isa = PBXBuildFile; fileRef = 1DB2C3142B601E5948960B84 /* Pods_Scrumdinger.framework */; };
/* End PBXBuildFile section */

/* Begin PBXContainerItemProxy section */
		7CE3F2172C60CCA9009D3748 /* PBXContainerItemProxy */ = {
			isa = PBXContainerItemProxy;
			containerPortal = 7CE3F1FE2C60CCA8009D3748 /* Project object */;
			proxyType = 1;
			remoteGlobalIDString = 7CE3F2052C60CCA8009D3748;
			remoteInfo = Scrumdinger;
		};
		7CE3F2212C60CCA9009D3748 /* PBXContainerItemProxy */ = {
			isa = PBXContainerItemProxy;
			containerPortal = 7CE3F1FE2C60CCA8009D3748 /* Project object */;
			proxyType = 1;
			remoteGlobalIDString = 7CE3F2052C60CCA8009D3748;
			remoteInfo = Scrumdinger;
		};
/* End PBXContainerItemProxy section */

/* Begin PBXFileReference section */
		1D48B83F7CA9E982D9756A67 /* Pods-ScrumdingerTests.release.xcconfig */ = {isa = PBXFileReference; includeInIndex = 1; lastKnownFileType = text.xcconfig; name = "Pods-ScrumdingerTests.release.xcconfig"; path = "Target Support Files/Pods-ScrumdingerTests/Pods-ScrumdingerTests.release.xcconfig"; sourceTree = "<group>"; };
		1DB2C3142B601E5948960B84 /* Pods_Scrumdinger.framework */ = {isa = PBXFileReference; explicitFileType = wrapper.framework; includeInIndex = 0; path = Pods_Scrumdinger.framework; sourceTree = BUILT_PRODUCTS_DIR; };
		2555A88197BE68154CB96492 /* Pods-Scrumdinger.debug.xcconfig */ = {isa = PBXFileReference; includeInIndex = 1; lastKnownFileType = text.xcconfig; name = "Pods-Scrumdinger.debug.xcconfig"; path = "Target Support Files/Pods-Scrumdinger/Pods-Scrumdinger.debug.xcconfig"; sourceTree = "<group>"; };
		5E6D1A338D365C937C6C0F96 /* Pods_Scrumdinger_ScrumdingerUITests.framework */ = {isa = PBXFileReference; explicitFileType = wrapper.framework; includeInIndex = 0; path = Pods_Scrumdinger_ScrumdingerUITests.framework; sourceTree = BUILT_PRODUCTS_DIR; };
		72403ACA7C90439D4D2188F5 /* Pods-ScrumdingerTests.debug.xcconfig */ = {isa = PBXFileReference; includeInIndex = 1; lastKnownFileType = text.xcconfig; name = "Pods-ScrumdingerTests.debug.xcconfig"; path = "Target Support Files/Pods-ScrumdingerTests/Pods-ScrumdingerTests.debug.xcconfig"; sourceTree = "<group>"; };
		784F93C17BC660681781BB23 /* Pods-Scrumdinger.release.xcconfig */ = {isa = PBXFileReference; includeInIndex = 1; lastKnownFileType = text.xcconfig; name = "Pods-Scrumdinger.release.xcconfig"; path = "Target Support Files/Pods-Scrumdinger/Pods-Scrumdinger.release.xcconfig"; sourceTree = "<group>"; };
		7C18E4272C8D638E00EC7C41 /* Info.plist */ = {isa = PBXFileReference; lastKnownFileType = text.plist; path = Info.plist; sourceTree = "<group>"; };
		7C1BEB932C87FD7700145790 /* Views+Env.swift */ = {isa = PBXFileReference; lastKnownFileType = sourcecode.swift; path = "Views+Env.swift"; sourceTree = "<group>"; };
		7C92CF212C72DA18008FDC16 /* Resource.swift */ = {isa = PBXFileReference; lastKnownFileType = sourcecode.swift; path = Resource.swift; sourceTree = "<group>"; };
		7CB1D6BF2C8814EB007A587C /* Dummy.swift */ = {isa = PBXFileReference; lastKnownFileType = sourcecode.swift; path = Dummy.swift; sourceTree = "<group>"; };
		7CD0E1432C6EDA6700300FE4 /* Date+Scrumdinger.swift */ = {isa = PBXFileReference; lastKnownFileType = sourcecode.swift; path = "Date+Scrumdinger.swift"; sourceTree = "<group>"; };
		7CD403372C61E19100AF69E9 /* ScrumTimer.swift */ = {isa = PBXFileReference; lastKnownFileType = sourcecode.swift; path = ScrumTimer.swift; sourceTree = "<group>"; };
		7CD4033E2C6204AC00AF69E9 /* NewScrumSheet.swift */ = {isa = PBXFileReference; lastKnownFileType = sourcecode.swift; path = NewScrumSheet.swift; sourceTree = "<group>"; };
		7CD403402C62050500AF69E9 /* EditScrumSheet.swift */ = {isa = PBXFileReference; lastKnownFileType = sourcecode.swift; path = EditScrumSheet.swift; sourceTree = "<group>"; };
		7CD403422C62068C00AF69E9 /* History.swift */ = {isa = PBXFileReference; lastKnownFileType = sourcecode.swift; path = History.swift; sourceTree = "<group>"; };
		7CD403442C620FCA00AF69E9 /* ScrumStore.swift */ = {isa = PBXFileReference; lastKnownFileType = sourcecode.swift; path = ScrumStore.swift; sourceTree = "<group>"; };
		7CD403462C6212B200AF69E9 /* ErrorWrapper.swift */ = {isa = PBXFileReference; lastKnownFileType = sourcecode.swift; path = ErrorWrapper.swift; sourceTree = "<group>"; };
		7CD403482C62134300AF69E9 /* ErrorView.swift */ = {isa = PBXFileReference; lastKnownFileType = sourcecode.swift; path = ErrorView.swift; sourceTree = "<group>"; };
		7CD4034A2C621F5400AF69E9 /* MeetingTimerView.swift */ = {isa = PBXFileReference; lastKnownFileType = sourcecode.swift; path = MeetingTimerView.swift; sourceTree = "<group>"; };
		7CD4034C2C621FAF00AF69E9 /* SpeakerArc.swift */ = {isa = PBXFileReference; lastKnownFileType = sourcecode.swift; path = SpeakerArc.swift; sourceTree = "<group>"; };
		7CD4034E2C6222BA00AF69E9 /* SpeechRecognizer.swift */ = {isa = PBXFileReference; lastKnownFileType = sourcecode.swift; path = SpeechRecognizer.swift; sourceTree = "<group>"; };
		7CD403502C62241100AF69E9 /* HistoryView.swift */ = {isa = PBXFileReference; lastKnownFileType = sourcecode.swift; path = HistoryView.swift; sourceTree = "<group>"; };
		7CD7CA242C65AB0C00E6C5C0 /* AVPlayer+Ding.swift */ = {isa = PBXFileReference; fileEncoding = 4; lastKnownFileType = sourcecode.swift; path = "AVPlayer+Ding.swift"; sourceTree = "<group>"; };
		7CD7CA2B2C65AB5700E6C5C0 /* ding.wav */ = {isa = PBXFileReference; lastKnownFileType = audio.wav; path = ding.wav; sourceTree = "<group>"; };
		7CE3F2062C60CCA8009D3748 /* Scrumdinger.app */ = {isa = PBXFileReference; explicitFileType = wrapper.application; includeInIndex = 0; path = Scrumdinger.app; sourceTree = BUILT_PRODUCTS_DIR; };
		7CE3F2092C60CCA8009D3748 /* ScrumdingerApp.swift */ = {isa = PBXFileReference; lastKnownFileType = sourcecode.swift; path = ScrumdingerApp.swift; sourceTree = "<group>"; };
		7CE3F20B2C60CCA8009D3748 /* MeetingView.swift */ = {isa = PBXFileReference; lastKnownFileType = sourcecode.swift; path = MeetingView.swift; sourceTree = "<group>"; };
		7CE3F20D2C60CCA9009D3748 /* Assets.xcassets */ = {isa = PBXFileReference; lastKnownFileType = folder.assetcatalog; path = Assets.xcassets; sourceTree = "<group>"; };
		7CE3F2102C60CCA9009D3748 /* Preview Assets.xcassets */ = {isa = PBXFileReference; lastKnownFileType = folder.assetcatalog; path = "Preview Assets.xcassets"; sourceTree = "<group>"; };
		7CE3F2162C60CCA9009D3748 /* ScrumdingerTests.xctest */ = {isa = PBXFileReference; explicitFileType = wrapper.cfbundle; includeInIndex = 0; path = ScrumdingerTests.xctest; sourceTree = BUILT_PRODUCTS_DIR; };
		7CE3F21A2C60CCA9009D3748 /* ScrumdingerTests.swift */ = {isa = PBXFileReference; lastKnownFileType = sourcecode.swift; path = ScrumdingerTests.swift; sourceTree = "<group>"; };
		7CE3F2202C60CCA9009D3748 /* ScrumdingerUITests.xctest */ = {isa = PBXFileReference; explicitFileType = wrapper.cfbundle; includeInIndex = 0; path = ScrumdingerUITests.xctest; sourceTree = BUILT_PRODUCTS_DIR; };
		7CE3F2242C60CCA9009D3748 /* ScrumdingerUITests.swift */ = {isa = PBXFileReference; lastKnownFileType = sourcecode.swift; path = ScrumdingerUITests.swift; sourceTree = "<group>"; };
		7CE3F2262C60CCA9009D3748 /* ScrumdingerUITestsLaunchTests.swift */ = {isa = PBXFileReference; lastKnownFileType = sourcecode.swift; path = ScrumdingerUITestsLaunchTests.swift; sourceTree = "<group>"; };
		7CE3F2342C61AB90009D3748 /* Theme.swift */ = {isa = PBXFileReference; lastKnownFileType = sourcecode.swift; path = Theme.swift; sourceTree = "<group>"; };
		7CE3F2362C61ABE0009D3748 /* DailyScrum.swift */ = {isa = PBXFileReference; lastKnownFileType = sourcecode.swift; path = DailyScrum.swift; sourceTree = "<group>"; };
		7CE3F2382C61B430009D3748 /* CardView.swift */ = {isa = PBXFileReference; lastKnownFileType = sourcecode.swift; path = CardView.swift; sourceTree = "<group>"; };
		7CE3F23A2C61BCD0009D3748 /* TrailingIconLabelStyle.swift */ = {isa = PBXFileReference; lastKnownFileType = sourcecode.swift; path = TrailingIconLabelStyle.swift; sourceTree = "<group>"; };
		7CE3F23C2C61C310009D3748 /* ScrumsView.swift */ = {isa = PBXFileReference; lastKnownFileType = sourcecode.swift; path = ScrumsView.swift; sourceTree = "<group>"; };
		7CE3F23E2C61C59C009D3748 /* DetailView.swift */ = {isa = PBXFileReference; lastKnownFileType = sourcecode.swift; path = DetailView.swift; sourceTree = "<group>"; };
		7CE3F2402C61C95D009D3748 /* DetailEditView.swift */ = {isa = PBXFileReference; lastKnownFileType = sourcecode.swift; path = DetailEditView.swift; sourceTree = "<group>"; };
		7CE3F2432C61D6F1009D3748 /* ThemeView.swift */ = {isa = PBXFileReference; lastKnownFileType = sourcecode.swift; path = ThemeView.swift; sourceTree = "<group>"; };
		7CE3F2452C61D79A009D3748 /* ThemePicker.swift */ = {isa = PBXFileReference; lastKnownFileType = sourcecode.swift; path = ThemePicker.swift; sourceTree = "<group>"; };
		7CEBAFE82C8760F1004AA198 /* NSArray+Scrumdinger.swift */ = {isa = PBXFileReference; lastKnownFileType = sourcecode.swift; path = "NSArray+Scrumdinger.swift"; sourceTree = "<group>"; };
		941258EF64D65050389CB878 /* Pods-Scrumdinger-ScrumdingerUITests.release.xcconfig */ = {isa = PBXFileReference; includeInIndex = 1; lastKnownFileType = text.xcconfig; name = "Pods-Scrumdinger-ScrumdingerUITests.release.xcconfig"; path = "Target Support Files/Pods-Scrumdinger-ScrumdingerUITests/Pods-Scrumdinger-ScrumdingerUITests.release.xcconfig"; sourceTree = "<group>"; };
		F5AB28E77CC575D1A76AF032 /* Pods_ScrumdingerTests.framework */ = {isa = PBXFileReference; explicitFileType = wrapper.framework; includeInIndex = 0; path = Pods_ScrumdingerTests.framework; sourceTree = BUILT_PRODUCTS_DIR; };
		FA4381453138E12DDCBFCEE0 /* Pods-Scrumdinger-ScrumdingerUITests.debug.xcconfig */ = {isa = PBXFileReference; includeInIndex = 1; lastKnownFileType = text.xcconfig; name = "Pods-Scrumdinger-ScrumdingerUITests.debug.xcconfig"; path = "Target Support Files/Pods-Scrumdinger-ScrumdingerUITests/Pods-Scrumdinger-ScrumdingerUITests.debug.xcconfig"; sourceTree = "<group>"; };
/* End PBXFileReference section */

/* Begin PBXFrameworksBuildPhase section */
		7CE3F2032C60CCA8009D3748 /* Frameworks */ = {
			isa = PBXFrameworksBuildPhase;
			buildActionMask = 2147483647;
			files = (
				BACA2F89788AAF5B96D62B86 /* Pods_Scrumdinger.framework in Frameworks */,
			);
			runOnlyForDeploymentPostprocessing = 0;
		};
		7CE3F2132C60CCA9009D3748 /* Frameworks */ = {
			isa = PBXFrameworksBuildPhase;
			buildActionMask = 2147483647;
			files = (
				1A6665DA09C6575DF7160CF1 /* Pods_ScrumdingerTests.framework in Frameworks */,
			);
			runOnlyForDeploymentPostprocessing = 0;
		};
		7CE3F21D2C60CCA9009D3748 /* Frameworks */ = {
			isa = PBXFrameworksBuildPhase;
			buildActionMask = 2147483647;
			files = (
				2DD2BE4B93A31321FD4E955E /* Pods_Scrumdinger_ScrumdingerUITests.framework in Frameworks */,
			);
			runOnlyForDeploymentPostprocessing = 0;
		};
/* End PBXFrameworksBuildPhase section */

/* Begin PBXGroup section */
		7C1BEB922C87FD6900145790 /* util */ = {
			isa = PBXGroup;
			children = (
				7C1BEB932C87FD7700145790 /* Views+Env.swift */,
			);
			path = util;
			sourceTree = "<group>";
		};
		7C92CF202C72DA07008FDC16 /* Mechanism */ = {
			isa = PBXGroup;
			children = (
				7C92CF212C72DA18008FDC16 /* Resource.swift */,
			);
			path = Mechanism;
			sourceTree = "<group>";
		};
		7CD7CA2A2C65AB4E00E6C5C0 /* Resources */ = {
			isa = PBXGroup;
			children = (
				7CD7CA2B2C65AB5700E6C5C0 /* ding.wav */,
			);
			path = Resources;
			sourceTree = "<group>";
		};
		7CE3F1FD2C60CCA8009D3748 = {
			isa = PBXGroup;
			children = (
				7CE3F2082C60CCA8009D3748 /* Scrumdinger */,
				7CE3F2192C60CCA9009D3748 /* ScrumdingerTests */,
				7CE3F2232C60CCA9009D3748 /* ScrumdingerUITests */,
				7CE3F2072C60CCA8009D3748 /* Products */,
				EAF3EF36A250584840D93B68 /* Pods */,
				F8BA8FD66A4481113B6B7F40 /* Frameworks */,
			);
			sourceTree = "<group>";
		};
		7CE3F2072C60CCA8009D3748 /* Products */ = {
			isa = PBXGroup;
			children = (
				7CE3F2062C60CCA8009D3748 /* Scrumdinger.app */,
				7CE3F2162C60CCA9009D3748 /* ScrumdingerTests.xctest */,
				7CE3F2202C60CCA9009D3748 /* ScrumdingerUITests.xctest */,
			);
			name = Products;
			sourceTree = "<group>";
		};
		7CE3F2082C60CCA8009D3748 /* Scrumdinger */ = {
			isa = PBXGroup;
			children = (
				7C18E4272C8D638E00EC7C41 /* Info.plist */,
				7CD7CA2A2C65AB4E00E6C5C0 /* Resources */,
				7C92CF202C72DA07008FDC16 /* Mechanism */,
				7CE3F2332C61AB81009D3748 /* Models */,
				7CE3F2422C61D6D1009D3748 /* Views */,
				7CE3F20D2C60CCA9009D3748 /* Assets.xcassets */,
				7CE3F20F2C60CCA9009D3748 /* Preview Content */,
			);
			path = Scrumdinger;
			sourceTree = "<group>";
		};
		7CE3F20F2C60CCA9009D3748 /* Preview Content */ = {
			isa = PBXGroup;
			children = (
				7CE3F2102C60CCA9009D3748 /* Preview Assets.xcassets */,
			);
			path = "Preview Content";
			sourceTree = "<group>";
		};
		7CE3F2192C60CCA9009D3748 /* ScrumdingerTests */ = {
			isa = PBXGroup;
			children = (
				7CE3F21A2C60CCA9009D3748 /* ScrumdingerTests.swift */,
			);
			path = ScrumdingerTests;
			sourceTree = "<group>";
		};
		7CE3F2232C60CCA9009D3748 /* ScrumdingerUITests */ = {
			isa = PBXGroup;
			children = (
				7CE3F2242C60CCA9009D3748 /* ScrumdingerUITests.swift */,
				7CE3F2262C60CCA9009D3748 /* ScrumdingerUITestsLaunchTests.swift */,
			);
			path = ScrumdingerUITests;
			sourceTree = "<group>";
		};
		7CE3F2332C61AB81009D3748 /* Models */ = {
			isa = PBXGroup;
			children = (
				7CD7CA242C65AB0C00E6C5C0 /* AVPlayer+Ding.swift */,
				7CE3F2342C61AB90009D3748 /* Theme.swift */,
				7CE3F2362C61ABE0009D3748 /* DailyScrum.swift */,
				7CD403372C61E19100AF69E9 /* ScrumTimer.swift */,
				7CD403422C62068C00AF69E9 /* History.swift */,
				7CD403442C620FCA00AF69E9 /* ScrumStore.swift */,
				7CD403462C6212B200AF69E9 /* ErrorWrapper.swift */,
				7CD4034E2C6222BA00AF69E9 /* SpeechRecognizer.swift */,
				7CD0E1432C6EDA6700300FE4 /* Date+Scrumdinger.swift */,
				7CEBAFE82C8760F1004AA198 /* NSArray+Scrumdinger.swift */,
				7CB1D6BF2C8814EB007A587C /* Dummy.swift */,
			);
			path = Models;
			sourceTree = "<group>";
		};
		7CE3F2422C61D6D1009D3748 /* Views */ = {
			isa = PBXGroup;
			children = (
				7C1BEB922C87FD6900145790 /* util */,
				7CD4034C2C621FAF00AF69E9 /* SpeakerArc.swift */,
				7CE3F23A2C61BCD0009D3748 /* TrailingIconLabelStyle.swift */,
				7CE3F2092C60CCA8009D3748 /* ScrumdingerApp.swift */,
				7CE3F20B2C60CCA8009D3748 /* MeetingView.swift */,
				7CE3F2382C61B430009D3748 /* CardView.swift */,
				7CE3F23E2C61C59C009D3748 /* DetailView.swift */,
				7CE3F23C2C61C310009D3748 /* ScrumsView.swift */,
				7CE3F2432C61D6F1009D3748 /* ThemeView.swift */,
				7CE3F2452C61D79A009D3748 /* ThemePicker.swift */,
				7CD4033E2C6204AC00AF69E9 /* NewScrumSheet.swift */,
				7CD403402C62050500AF69E9 /* EditScrumSheet.swift */,
				7CD403482C62134300AF69E9 /* ErrorView.swift */,
				7CD4034A2C621F5400AF69E9 /* MeetingTimerView.swift */,
				7CD403502C62241100AF69E9 /* HistoryView.swift */,
				7CE3F2402C61C95D009D3748 /* DetailEditView.swift */,
			);
			path = Views;
			sourceTree = "<group>";
		};
		EAF3EF36A250584840D93B68 /* Pods */ = {
			isa = PBXGroup;
			children = (
				2555A88197BE68154CB96492 /* Pods-Scrumdinger.debug.xcconfig */,
				784F93C17BC660681781BB23 /* Pods-Scrumdinger.release.xcconfig */,
				FA4381453138E12DDCBFCEE0 /* Pods-Scrumdinger-ScrumdingerUITests.debug.xcconfig */,
				941258EF64D65050389CB878 /* Pods-Scrumdinger-ScrumdingerUITests.release.xcconfig */,
				72403ACA7C90439D4D2188F5 /* Pods-ScrumdingerTests.debug.xcconfig */,
				1D48B83F7CA9E982D9756A67 /* Pods-ScrumdingerTests.release.xcconfig */,
			);
			path = Pods;
			sourceTree = "<group>";
		};
		F8BA8FD66A4481113B6B7F40 /* Frameworks */ = {
			isa = PBXGroup;
			children = (
				1DB2C3142B601E5948960B84 /* Pods_Scrumdinger.framework */,
				5E6D1A338D365C937C6C0F96 /* Pods_Scrumdinger_ScrumdingerUITests.framework */,
				F5AB28E77CC575D1A76AF032 /* Pods_ScrumdingerTests.framework */,
			);
			name = Frameworks;
			sourceTree = "<group>";
		};
/* End PBXGroup section */

/* Begin PBXNativeTarget section */
		7CE3F2052C60CCA8009D3748 /* Scrumdinger */ = {
			isa = PBXNativeTarget;
			buildConfigurationList = 7CE3F22A2C60CCA9009D3748 /* Build configuration list for PBXNativeTarget "Scrumdinger" */;
			buildPhases = (
				8D3C46C802189A7F254D97E0 /* [CP] Check Pods Manifest.lock */,
				7CE3F2022C60CCA8009D3748 /* Sources */,
				7CE3F2032C60CCA8009D3748 /* Frameworks */,
				7CE3F2042C60CCA8009D3748 /* Resources */,
			);
			buildRules = (
			);
			dependencies = (
			);
			name = Scrumdinger;
			productName = Scrumdinger;
			productReference = 7CE3F2062C60CCA8009D3748 /* Scrumdinger.app */;
			productType = "com.apple.product-type.application";
		};
		7CE3F2152C60CCA9009D3748 /* ScrumdingerTests */ = {
			isa = PBXNativeTarget;
			buildConfigurationList = 7CE3F22D2C60CCA9009D3748 /* Build configuration list for PBXNativeTarget "ScrumdingerTests" */;
			buildPhases = (
				664A32044ABF62FDD81F5362 /* [CP] Check Pods Manifest.lock */,
				7CE3F2122C60CCA9009D3748 /* Sources */,
				7CE3F2132C60CCA9009D3748 /* Frameworks */,
				7CE3F2142C60CCA9009D3748 /* Resources */,
			);
			buildRules = (
			);
			dependencies = (
				7CE3F2182C60CCA9009D3748 /* PBXTargetDependency */,
			);
			name = ScrumdingerTests;
			productName = ScrumdingerTests;
			productReference = 7CE3F2162C60CCA9009D3748 /* ScrumdingerTests.xctest */;
			productType = "com.apple.product-type.bundle.unit-test";
		};
		7CE3F21F2C60CCA9009D3748 /* ScrumdingerUITests */ = {
			isa = PBXNativeTarget;
			buildConfigurationList = 7CE3F2302C60CCA9009D3748 /* Build configuration list for PBXNativeTarget "ScrumdingerUITests" */;
			buildPhases = (
				59260B4E7540BEFC637AAB96 /* [CP] Check Pods Manifest.lock */,
				7CE3F21C2C60CCA9009D3748 /* Sources */,
				7CE3F21D2C60CCA9009D3748 /* Frameworks */,
				7CE3F21E2C60CCA9009D3748 /* Resources */,
			);
			buildRules = (
			);
			dependencies = (
				7CE3F2222C60CCA9009D3748 /* PBXTargetDependency */,
			);
			name = ScrumdingerUITests;
			productName = ScrumdingerUITests;
			productReference = 7CE3F2202C60CCA9009D3748 /* ScrumdingerUITests.xctest */;
			productType = "com.apple.product-type.bundle.ui-testing";
		};
/* End PBXNativeTarget section */

/* Begin PBXProject section */
		7CE3F1FE2C60CCA8009D3748 /* Project object */ = {
			isa = PBXProject;
			attributes = {
				BuildIndependentTargetsInParallel = 1;
				LastSwiftUpdateCheck = 1540;
				LastUpgradeCheck = 1540;
				TargetAttributes = {
					7CE3F2052C60CCA8009D3748 = {
						CreatedOnToolsVersion = 15.4;
					};
					7CE3F2152C60CCA9009D3748 = {
						CreatedOnToolsVersion = 15.4;
						TestTargetID = 7CE3F2052C60CCA8009D3748;
					};
					7CE3F21F2C60CCA9009D3748 = {
						CreatedOnToolsVersion = 15.4;
						TestTargetID = 7CE3F2052C60CCA8009D3748;
					};
				};
			};
			buildConfigurationList = 7CE3F2012C60CCA8009D3748 /* Build configuration list for PBXProject "Scrumdinger" */;
			compatibilityVersion = "Xcode 14.0";
			developmentRegion = en;
			hasScannedForEncodings = 0;
			knownRegions = (
				en,
				Base,
			);
			mainGroup = 7CE3F1FD2C60CCA8009D3748;
			productRefGroup = 7CE3F2072C60CCA8009D3748 /* Products */;
			projectDirPath = "";
			projectRoot = "";
			targets = (
				7CE3F2052C60CCA8009D3748 /* Scrumdinger */,
				7CE3F2152C60CCA9009D3748 /* ScrumdingerTests */,
				7CE3F21F2C60CCA9009D3748 /* ScrumdingerUITests */,
			);
		};
/* End PBXProject section */

/* Begin PBXResourcesBuildPhase section */
		7CE3F2042C60CCA8009D3748 /* Resources */ = {
			isa = PBXResourcesBuildPhase;
			buildActionMask = 2147483647;
			files = (
				7CD7CA2C2C65AB5700E6C5C0 /* ding.wav in Resources */,
				7CE3F2112C60CCA9009D3748 /* Preview Assets.xcassets in Resources */,
				7CE3F20E2C60CCA9009D3748 /* Assets.xcassets in Resources */,
			);
			runOnlyForDeploymentPostprocessing = 0;
		};
		7CE3F2142C60CCA9009D3748 /* Resources */ = {
			isa = PBXResourcesBuildPhase;
			buildActionMask = 2147483647;
			files = (
			);
			runOnlyForDeploymentPostprocessing = 0;
		};
		7CE3F21E2C60CCA9009D3748 /* Resources */ = {
			isa = PBXResourcesBuildPhase;
			buildActionMask = 2147483647;
			files = (
			);
			runOnlyForDeploymentPostprocessing = 0;
		};
/* End PBXResourcesBuildPhase section */

/* Begin PBXShellScriptBuildPhase section */
		59260B4E7540BEFC637AAB96 /* [CP] Check Pods Manifest.lock */ = {
			isa = PBXShellScriptBuildPhase;
			buildActionMask = 2147483647;
			files = (
			);
			inputFileListPaths = (
			);
			inputPaths = (
				"${PODS_PODFILE_DIR_PATH}/Podfile.lock",
				"${PODS_ROOT}/Manifest.lock",
			);
			name = "[CP] Check Pods Manifest.lock";
			outputFileListPaths = (
			);
			outputPaths = (
				"$(DERIVED_FILE_DIR)/Pods-Scrumdinger-ScrumdingerUITests-checkManifestLockResult.txt",
			);
			runOnlyForDeploymentPostprocessing = 0;
			shellPath = /bin/sh;
			shellScript = "diff \"${PODS_PODFILE_DIR_PATH}/Podfile.lock\" \"${PODS_ROOT}/Manifest.lock\" > /dev/null\nif [ $? != 0 ] ; then\n    # print error to STDERR\n    echo \"error: The sandbox is not in sync with the Podfile.lock. Run 'pod install' or update your CocoaPods installation.\" >&2\n    exit 1\nfi\n# This output is used by Xcode 'outputs' to avoid re-running this script phase.\necho \"SUCCESS\" > \"${SCRIPT_OUTPUT_FILE_0}\"\n";
			showEnvVarsInLog = 0;
		};
		664A32044ABF62FDD81F5362 /* [CP] Check Pods Manifest.lock */ = {
			isa = PBXShellScriptBuildPhase;
			buildActionMask = 2147483647;
			files = (
			);
			inputFileListPaths = (
			);
			inputPaths = (
				"${PODS_PODFILE_DIR_PATH}/Podfile.lock",
				"${PODS_ROOT}/Manifest.lock",
			);
			name = "[CP] Check Pods Manifest.lock";
			outputFileListPaths = (
			);
			outputPaths = (
				"$(DERIVED_FILE_DIR)/Pods-ScrumdingerTests-checkManifestLockResult.txt",
			);
			runOnlyForDeploymentPostprocessing = 0;
			shellPath = /bin/sh;
			shellScript = "diff \"${PODS_PODFILE_DIR_PATH}/Podfile.lock\" \"${PODS_ROOT}/Manifest.lock\" > /dev/null\nif [ $? != 0 ] ; then\n    # print error to STDERR\n    echo \"error: The sandbox is not in sync with the Podfile.lock. Run 'pod install' or update your CocoaPods installation.\" >&2\n    exit 1\nfi\n# This output is used by Xcode 'outputs' to avoid re-running this script phase.\necho \"SUCCESS\" > \"${SCRIPT_OUTPUT_FILE_0}\"\n";
			showEnvVarsInLog = 0;
		};
		8D3C46C802189A7F254D97E0 /* [CP] Check Pods Manifest.lock */ = {
			isa = PBXShellScriptBuildPhase;
			buildActionMask = 2147483647;
			files = (
			);
			inputFileListPaths = (
			);
			inputPaths = (
				"${PODS_PODFILE_DIR_PATH}/Podfile.lock",
				"${PODS_ROOT}/Manifest.lock",
			);
			name = "[CP] Check Pods Manifest.lock";
			outputFileListPaths = (
			);
			outputPaths = (
				"$(DERIVED_FILE_DIR)/Pods-Scrumdinger-checkManifestLockResult.txt",
			);
			runOnlyForDeploymentPostprocessing = 0;
			shellPath = /bin/sh;
			shellScript = "diff \"${PODS_PODFILE_DIR_PATH}/Podfile.lock\" \"${PODS_ROOT}/Manifest.lock\" > /dev/null\nif [ $? != 0 ] ; then\n    # print error to STDERR\n    echo \"error: The sandbox is not in sync with the Podfile.lock. Run 'pod install' or update your CocoaPods installation.\" >&2\n    exit 1\nfi\n# This output is used by Xcode 'outputs' to avoid re-running this script phase.\necho \"SUCCESS\" > \"${SCRIPT_OUTPUT_FILE_0}\"\n";
			showEnvVarsInLog = 0;
		};
/* End PBXShellScriptBuildPhase section */

/* Begin PBXSourcesBuildPhase section */
		7CE3F2022C60CCA8009D3748 /* Sources */ = {
			isa = PBXSourcesBuildPhase;
			buildActionMask = 2147483647;
			files = (
				7CD403452C620FCA00AF69E9 /* ScrumStore.swift in Sources */,
				7CE3F2462C61D79A009D3748 /* ThemePicker.swift in Sources */,
				7CD4034B2C621F5400AF69E9 /* MeetingTimerView.swift in Sources */,
				7CD403492C62134300AF69E9 /* ErrorView.swift in Sources */,
				7CE3F2372C61ABE0009D3748 /* DailyScrum.swift in Sources */,
				7CD0E1442C6EDA6700300FE4 /* Date+Scrumdinger.swift in Sources */,
				7CE3F23F2C61C59C009D3748 /* DetailView.swift in Sources */,
				7CD403512C62241100AF69E9 /* HistoryView.swift in Sources */,
				7CE3F2412C61C95D009D3748 /* DetailEditView.swift in Sources */,
				7CE3F23B2C61BCD0009D3748 /* TrailingIconLabelStyle.swift in Sources */,
				7CE3F2352C61AB90009D3748 /* Theme.swift in Sources */,
				7CD403382C61E19100AF69E9 /* ScrumTimer.swift in Sources */,
				7CE3F23D2C61C310009D3748 /* ScrumsView.swift in Sources */,
				7CD4034D2C621FAF00AF69E9 /* SpeakerArc.swift in Sources */,
				7CD4034F2C6222BA00AF69E9 /* SpeechRecognizer.swift in Sources */,
				7CE3F20C2C60CCA8009D3748 /* MeetingView.swift in Sources */,
				7CD403432C62068C00AF69E9 /* History.swift in Sources */,
				7CD7CA252C65AB0C00E6C5C0 /* AVPlayer+Ding.swift in Sources */,
				7CEBAFE92C8760F1004AA198 /* NSArray+Scrumdinger.swift in Sources */,
				7C92CF222C72DA18008FDC16 /* Resource.swift in Sources */,
				7C1BEB942C87FD7700145790 /* Views+Env.swift in Sources */,
				7CD403472C6212B200AF69E9 /* ErrorWrapper.swift in Sources */,
				7CB1D6C02C8814EB007A587C /* Dummy.swift in Sources */,
				7CE3F20A2C60CCA8009D3748 /* ScrumdingerApp.swift in Sources */,
				7CE3F2442C61D6F1009D3748 /* ThemeView.swift in Sources */,
				7CE3F2392C61B430009D3748 /* CardView.swift in Sources */,
				7CD4033F2C6204AC00AF69E9 /* NewScrumSheet.swift in Sources */,
				7CD403412C62050500AF69E9 /* EditScrumSheet.swift in Sources */,
			);
			runOnlyForDeploymentPostprocessing = 0;
		};
		7CE3F2122C60CCA9009D3748 /* Sources */ = {
			isa = PBXSourcesBuildPhase;
			buildActionMask = 2147483647;
			files = (
				7CE3F21B2C60CCA9009D3748 /* ScrumdingerTests.swift in Sources */,
			);
			runOnlyForDeploymentPostprocessing = 0;
		};
		7CE3F21C2C60CCA9009D3748 /* Sources */ = {
			isa = PBXSourcesBuildPhase;
			buildActionMask = 2147483647;
			files = (
				7CE3F2272C60CCA9009D3748 /* ScrumdingerUITestsLaunchTests.swift in Sources */,
				7CE3F2252C60CCA9009D3748 /* ScrumdingerUITests.swift in Sources */,
			);
			runOnlyForDeploymentPostprocessing = 0;
		};
/* End PBXSourcesBuildPhase section */

/* Begin PBXTargetDependency section */
		7CE3F2182C60CCA9009D3748 /* PBXTargetDependency */ = {
			isa = PBXTargetDependency;
			target = 7CE3F2052C60CCA8009D3748 /* Scrumdinger */;
			targetProxy = 7CE3F2172C60CCA9009D3748 /* PBXContainerItemProxy */;
		};
		7CE3F2222C60CCA9009D3748 /* PBXTargetDependency */ = {
			isa = PBXTargetDependency;
			target = 7CE3F2052C60CCA8009D3748 /* Scrumdinger */;
			targetProxy = 7CE3F2212C60CCA9009D3748 /* PBXContainerItemProxy */;
		};
/* End PBXTargetDependency section */

/* Begin XCBuildConfiguration section */
		7CE3F2282C60CCA9009D3748 /* Debug */ = {
			isa = XCBuildConfiguration;
			buildSettings = {
				ALWAYS_SEARCH_USER_PATHS = NO;
				ASSETCATALOG_COMPILER_GENERATE_SWIFT_ASSET_SYMBOL_EXTENSIONS = YES;
				CLANG_ANALYZER_NONNULL = YES;
				CLANG_ANALYZER_NUMBER_OBJECT_CONVERSION = YES_AGGRESSIVE;
				CLANG_CXX_LANGUAGE_STANDARD = "gnu++20";
				CLANG_ENABLE_MODULES = YES;
				CLANG_ENABLE_OBJC_ARC = YES;
				CLANG_ENABLE_OBJC_WEAK = YES;
				CLANG_WARN_BLOCK_CAPTURE_AUTORELEASING = YES;
				CLANG_WARN_BOOL_CONVERSION = YES;
				CLANG_WARN_COMMA = YES;
				CLANG_WARN_CONSTANT_CONVERSION = YES;
				CLANG_WARN_DEPRECATED_OBJC_IMPLEMENTATIONS = YES;
				CLANG_WARN_DIRECT_OBJC_ISA_USAGE = YES_ERROR;
				CLANG_WARN_DOCUMENTATION_COMMENTS = YES;
				CLANG_WARN_EMPTY_BODY = YES;
				CLANG_WARN_ENUM_CONVERSION = YES;
				CLANG_WARN_INFINITE_RECURSION = YES;
				CLANG_WARN_INT_CONVERSION = YES;
				CLANG_WARN_NON_LITERAL_NULL_CONVERSION = YES;
				CLANG_WARN_OBJC_IMPLICIT_RETAIN_SELF = YES;
				CLANG_WARN_OBJC_LITERAL_CONVERSION = YES;
				CLANG_WARN_OBJC_ROOT_CLASS = YES_ERROR;
				CLANG_WARN_QUOTED_INCLUDE_IN_FRAMEWORK_HEADER = YES;
				CLANG_WARN_RANGE_LOOP_ANALYSIS = YES;
				CLANG_WARN_STRICT_PROTOTYPES = YES;
				CLANG_WARN_SUSPICIOUS_MOVE = YES;
				CLANG_WARN_UNGUARDED_AVAILABILITY = YES_AGGRESSIVE;
				CLANG_WARN_UNREACHABLE_CODE = YES;
				CLANG_WARN__DUPLICATE_METHOD_MATCH = YES;
				COPY_PHASE_STRIP = NO;
				DEBUG_INFORMATION_FORMAT = dwarf;
				ENABLE_STRICT_OBJC_MSGSEND = YES;
				ENABLE_TESTABILITY = YES;
				ENABLE_USER_SCRIPT_SANDBOXING = YES;
				GCC_C_LANGUAGE_STANDARD = gnu17;
				GCC_DYNAMIC_NO_PIC = NO;
				GCC_NO_COMMON_BLOCKS = YES;
				GCC_OPTIMIZATION_LEVEL = 0;
				GCC_PREPROCESSOR_DEFINITIONS = (
					"DEBUG=1",
					"$(inherited)",
				);
				GCC_WARN_64_TO_32_BIT_CONVERSION = YES;
				GCC_WARN_ABOUT_RETURN_TYPE = YES_ERROR;
				GCC_WARN_UNDECLARED_SELECTOR = YES;
				GCC_WARN_UNINITIALIZED_AUTOS = YES_AGGRESSIVE;
				GCC_WARN_UNUSED_FUNCTION = YES;
				GCC_WARN_UNUSED_VARIABLE = YES;
				IPHONEOS_DEPLOYMENT_TARGET = 17.5;
				LOCALIZATION_PREFERS_STRING_CATALOGS = YES;
				MTL_ENABLE_DEBUG_INFO = INCLUDE_SOURCE;
				MTL_FAST_MATH = YES;
				ONLY_ACTIVE_ARCH = YES;
				SDKROOT = iphoneos;
				SWIFT_ACTIVE_COMPILATION_CONDITIONS = "DEBUG $(inherited)";
				SWIFT_OPTIMIZATION_LEVEL = "-Onone";
			};
			name = Debug;
		};
		7CE3F2292C60CCA9009D3748 /* Release */ = {
			isa = XCBuildConfiguration;
			buildSettings = {
				ALWAYS_SEARCH_USER_PATHS = NO;
				ASSETCATALOG_COMPILER_GENERATE_SWIFT_ASSET_SYMBOL_EXTENSIONS = YES;
				CLANG_ANALYZER_NONNULL = YES;
				CLANG_ANALYZER_NUMBER_OBJECT_CONVERSION = YES_AGGRESSIVE;
				CLANG_CXX_LANGUAGE_STANDARD = "gnu++20";
				CLANG_ENABLE_MODULES = YES;
				CLANG_ENABLE_OBJC_ARC = YES;
				CLANG_ENABLE_OBJC_WEAK = YES;
				CLANG_WARN_BLOCK_CAPTURE_AUTORELEASING = YES;
				CLANG_WARN_BOOL_CONVERSION = YES;
				CLANG_WARN_COMMA = YES;
				CLANG_WARN_CONSTANT_CONVERSION = YES;
				CLANG_WARN_DEPRECATED_OBJC_IMPLEMENTATIONS = YES;
				CLANG_WARN_DIRECT_OBJC_ISA_USAGE = YES_ERROR;
				CLANG_WARN_DOCUMENTATION_COMMENTS = YES;
				CLANG_WARN_EMPTY_BODY = YES;
				CLANG_WARN_ENUM_CONVERSION = YES;
				CLANG_WARN_INFINITE_RECURSION = YES;
				CLANG_WARN_INT_CONVERSION = YES;
				CLANG_WARN_NON_LITERAL_NULL_CONVERSION = YES;
				CLANG_WARN_OBJC_IMPLICIT_RETAIN_SELF = YES;
				CLANG_WARN_OBJC_LITERAL_CONVERSION = YES;
				CLANG_WARN_OBJC_ROOT_CLASS = YES_ERROR;
				CLANG_WARN_QUOTED_INCLUDE_IN_FRAMEWORK_HEADER = YES;
				CLANG_WARN_RANGE_LOOP_ANALYSIS = YES;
				CLANG_WARN_STRICT_PROTOTYPES = YES;
				CLANG_WARN_SUSPICIOUS_MOVE = YES;
				CLANG_WARN_UNGUARDED_AVAILABILITY = YES_AGGRESSIVE;
				CLANG_WARN_UNREACHABLE_CODE = YES;
				CLANG_WARN__DUPLICATE_METHOD_MATCH = YES;
				COPY_PHASE_STRIP = NO;
				DEBUG_INFORMATION_FORMAT = "dwarf-with-dsym";
				ENABLE_NS_ASSERTIONS = NO;
				ENABLE_STRICT_OBJC_MSGSEND = YES;
				ENABLE_USER_SCRIPT_SANDBOXING = YES;
				GCC_C_LANGUAGE_STANDARD = gnu17;
				GCC_NO_COMMON_BLOCKS = YES;
				GCC_WARN_64_TO_32_BIT_CONVERSION = YES;
				GCC_WARN_ABOUT_RETURN_TYPE = YES_ERROR;
				GCC_WARN_UNDECLARED_SELECTOR = YES;
				GCC_WARN_UNINITIALIZED_AUTOS = YES_AGGRESSIVE;
				GCC_WARN_UNUSED_FUNCTION = YES;
				GCC_WARN_UNUSED_VARIABLE = YES;
				IPHONEOS_DEPLOYMENT_TARGET = 17.5;
				LOCALIZATION_PREFERS_STRING_CATALOGS = YES;
				MTL_ENABLE_DEBUG_INFO = NO;
				MTL_FAST_MATH = YES;
				SDKROOT = iphoneos;
				SWIFT_COMPILATION_MODE = wholemodule;
				VALIDATE_PRODUCT = YES;
			};
			name = Release;
		};
		7CE3F22B2C60CCA9009D3748 /* Debug */ = {
			isa = XCBuildConfiguration;
			baseConfigurationReference = 2555A88197BE68154CB96492 /* Pods-Scrumdinger.debug.xcconfig */;
			buildSettings = {
				ASSETCATALOG_COMPILER_APPICON_NAME = AppIcon;
				ASSETCATALOG_COMPILER_GLOBAL_ACCENT_COLOR_NAME = AccentColor;
				CODE_SIGN_STYLE = Automatic;
				CURRENT_PROJECT_VERSION = 1;
				DEVELOPMENT_ASSET_PATHS = "\"Scrumdinger/Preview Content\"";
				DEVELOPMENT_TEAM = K2H8KG8Z32;
				ENABLE_PREVIEWS = YES;
				GENERATE_INFOPLIST_FILE = YES;
				INFOPLIST_FILE = Scrumdinger/Info.plist;
				INFOPLIST_KEY_NSMicrophoneUsageDescription = "Audio is recorded to transcribe the meeting. Audio recordings are discarded after transcription.";
				INFOPLIST_KEY_NSSpeechRecognitionUsageDescription = "You can view a text transcription of your meeting in the app";
				INFOPLIST_KEY_UIApplicationSceneManifest_Generation = YES;
				INFOPLIST_KEY_UIApplicationSupportsIndirectInputEvents = YES;
				INFOPLIST_KEY_UILaunchScreen_Generation = YES;
				INFOPLIST_KEY_UISupportedInterfaceOrientations_iPad = "UIInterfaceOrientationPortrait UIInterfaceOrientationPortraitUpsideDown UIInterfaceOrientationLandscapeLeft UIInterfaceOrientationLandscapeRight";
				INFOPLIST_KEY_UISupportedInterfaceOrientations_iPhone = "UIInterfaceOrientationPortrait UIInterfaceOrientationLandscapeLeft UIInterfaceOrientationLandscapeRight";
				LD_RUNPATH_SEARCH_PATHS = (
					"$(inherited)",
					"@executable_path/Frameworks",
				);
				MARKETING_VERSION = 1.0;
				OTHER_LDFLAGS = (
					"$(inherited)",
					"-ObjC",
					"-l\"c++\"",
					"-framework",
					"\"ScrumdingerKMMLib\"",
					"-lsqlite3",
				);
				PRODUCT_BUNDLE_IDENTIFIER = dev.haqim.Scrumdinger;
				PRODUCT_NAME = "$(TARGET_NAME)";
				SWIFT_EMIT_LOC_STRINGS = YES;
				SWIFT_VERSION = 5.0;
				TARGETED_DEVICE_FAMILY = "1,2";
			};
			name = Debug;
		};
		7CE3F22C2C60CCA9009D3748 /* Release */ = {
			isa = XCBuildConfiguration;
			baseConfigurationReference = 784F93C17BC660681781BB23 /* Pods-Scrumdinger.release.xcconfig */;
			buildSettings = {
				ASSETCATALOG_COMPILER_APPICON_NAME = AppIcon;
				ASSETCATALOG_COMPILER_GLOBAL_ACCENT_COLOR_NAME = AccentColor;
				CODE_SIGN_STYLE = Automatic;
				CURRENT_PROJECT_VERSION = 1;
				DEVELOPMENT_ASSET_PATHS = "\"Scrumdinger/Preview Content\"";
				DEVELOPMENT_TEAM = K2H8KG8Z32;
				ENABLE_PREVIEWS = YES;
				GENERATE_INFOPLIST_FILE = YES;
				INFOPLIST_FILE = Scrumdinger/Info.plist;
				INFOPLIST_KEY_NSMicrophoneUsageDescription = "Audio is recorded to transcribe the meeting. Audio recordings are discarded after transcription.";
				INFOPLIST_KEY_NSSpeechRecognitionUsageDescription = "You can view a text transcription of your meeting in the app";
				INFOPLIST_KEY_UIApplicationSceneManifest_Generation = YES;
				INFOPLIST_KEY_UIApplicationSupportsIndirectInputEvents = YES;
				INFOPLIST_KEY_UILaunchScreen_Generation = YES;
				INFOPLIST_KEY_UISupportedInterfaceOrientations_iPad = "UIInterfaceOrientationPortrait UIInterfaceOrientationPortraitUpsideDown UIInterfaceOrientationLandscapeLeft UIInterfaceOrientationLandscapeRight";
				INFOPLIST_KEY_UISupportedInterfaceOrientations_iPhone = "UIInterfaceOrientationPortrait UIInterfaceOrientationLandscapeLeft UIInterfaceOrientationLandscapeRight";
				LD_RUNPATH_SEARCH_PATHS = (
					"$(inherited)",
					"@executable_path/Frameworks",
				);
				MARKETING_VERSION = 1.0;
				OTHER_LDFLAGS = (
					"$(inherited)",
					"-ObjC",
					"-l\"c++\"",
					"-framework",
					"\"ScrumdingerKMMLib\"",
					"-lsqlite3",
				);
				PRODUCT_BUNDLE_IDENTIFIER = dev.haqim.Scrumdinger;
				PRODUCT_NAME = "$(TARGET_NAME)";
				SWIFT_EMIT_LOC_STRINGS = YES;
				SWIFT_VERSION = 5.0;
				TARGETED_DEVICE_FAMILY = "1,2";
			};
			name = Release;
		};
		7CE3F22E2C60CCA9009D3748 /* Debug */ = {
			isa = XCBuildConfiguration;
			baseConfigurationReference = 72403ACA7C90439D4D2188F5 /* Pods-ScrumdingerTests.debug.xcconfig */;
			buildSettings = {
				ALWAYS_EMBED_SWIFT_STANDARD_LIBRARIES = YES;
				BUNDLE_LOADER = "$(TEST_HOST)";
				CODE_SIGN_STYLE = Automatic;
				CURRENT_PROJECT_VERSION = 1;
				DEVELOPMENT_TEAM = K2H8KG8Z32;
				GENERATE_INFOPLIST_FILE = YES;
				IPHONEOS_DEPLOYMENT_TARGET = 17.5;
				MARKETING_VERSION = 1.0;
				PRODUCT_BUNDLE_IDENTIFIER = dev.haqim.ScrumdingerTests;
				PRODUCT_NAME = "$(TARGET_NAME)";
				SWIFT_EMIT_LOC_STRINGS = NO;
				SWIFT_VERSION = 5.0;
				TARGETED_DEVICE_FAMILY = "1,2";
				TEST_HOST = "$(BUILT_PRODUCTS_DIR)/Scrumdinger.app/$(BUNDLE_EXECUTABLE_FOLDER_PATH)/Scrumdinger";
			};
			name = Debug;
		};
		7CE3F22F2C60CCA9009D3748 /* Release */ = {
			isa = XCBuildConfiguration;
			baseConfigurationReference = 1D48B83F7CA9E982D9756A67 /* Pods-ScrumdingerTests.release.xcconfig */;
			buildSettings = {
				ALWAYS_EMBED_SWIFT_STANDARD_LIBRARIES = YES;
				BUNDLE_LOADER = "$(TEST_HOST)";
				CODE_SIGN_STYLE = Automatic;
				CURRENT_PROJECT_VERSION = 1;
				DEVELOPMENT_TEAM = K2H8KG8Z32;
				GENERATE_INFOPLIST_FILE = YES;
				IPHONEOS_DEPLOYMENT_TARGET = 17.5;
				MARKETING_VERSION = 1.0;
				PRODUCT_BUNDLE_IDENTIFIER = dev.haqim.ScrumdingerTests;
				PRODUCT_NAME = "$(TARGET_NAME)";
				SWIFT_EMIT_LOC_STRINGS = NO;
				SWIFT_VERSION = 5.0;
				TARGETED_DEVICE_FAMILY = "1,2";
				TEST_HOST = "$(BUILT_PRODUCTS_DIR)/Scrumdinger.app/$(BUNDLE_EXECUTABLE_FOLDER_PATH)/Scrumdinger";
			};
			name = Release;
		};
		7CE3F2312C60CCA9009D3748 /* Debug */ = {
			isa = XCBuildConfiguration;
			baseConfigurationReference = FA4381453138E12DDCBFCEE0 /* Pods-Scrumdinger-ScrumdingerUITests.debug.xcconfig */;
			buildSettings = {
				ALWAYS_EMBED_SWIFT_STANDARD_LIBRARIES = YES;
				CODE_SIGN_STYLE = Automatic;
				CURRENT_PROJECT_VERSION = 1;
				DEVELOPMENT_TEAM = K2H8KG8Z32;
				GENERATE_INFOPLIST_FILE = YES;
				MARKETING_VERSION = 1.0;
				OTHER_LDFLAGS = (
					"$(inherited)",
					"-ObjC",
					"-l\"c++\"",
					"-framework",
					"\"ScrumdingerKMMLib\"",
					"-lsqlite3",
				);
				PRODUCT_BUNDLE_IDENTIFIER = dev.haqim.ScrumdingerUITests;
				PRODUCT_NAME = "$(TARGET_NAME)";
				SWIFT_EMIT_LOC_STRINGS = NO;
				SWIFT_VERSION = 5.0;
				TARGETED_DEVICE_FAMILY = "1,2";
				TEST_TARGET_NAME = Scrumdinger;
			};
			name = Debug;
		};
		7CE3F2322C60CCA9009D3748 /* Release */ = {
			isa = XCBuildConfiguration;
			baseConfigurationReference = 941258EF64D65050389CB878 /* Pods-Scrumdinger-ScrumdingerUITests.release.xcconfig */;
			buildSettings = {
				ALWAYS_EMBED_SWIFT_STANDARD_LIBRARIES = YES;
				CODE_SIGN_STYLE = Automatic;
				CURRENT_PROJECT_VERSION = 1;
				DEVELOPMENT_TEAM = K2H8KG8Z32;
				GENERATE_INFOPLIST_FILE = YES;
				MARKETING_VERSION = 1.0;
				OTHER_LDFLAGS = (
					"$(inherited)",
					"-ObjC",
					"-l\"c++\"",
					"-framework",
					"\"ScrumdingerKMMLib\"",
					"-lsqlite3",
				);
				PRODUCT_BUNDLE_IDENTIFIER = dev.haqim.ScrumdingerUITests;
				PRODUCT_NAME = "$(TARGET_NAME)";
				SWIFT_EMIT_LOC_STRINGS = NO;
				SWIFT_VERSION = 5.0;
				TARGETED_DEVICE_FAMILY = "1,2";
				TEST_TARGET_NAME = Scrumdinger;
			};
			name = Release;
		};
/* End XCBuildConfiguration section */

/* Begin XCConfigurationList section */
		7CE3F2012C60CCA8009D3748 /* Build configuration list for PBXProject "Scrumdinger" */ = {
			isa = XCConfigurationList;
			buildConfigurations = (
				7CE3F2282C60CCA9009D3748 /* Debug */,
				7CE3F2292C60CCA9009D3748 /* Release */,
			);
			defaultConfigurationIsVisible = 0;
			defaultConfigurationName = Release;
		};
		7CE3F22A2C60CCA9009D3748 /* Build configuration list for PBXNativeTarget "Scrumdinger" */ = {
			isa = XCConfigurationList;
			buildConfigurations = (
				7CE3F22B2C60CCA9009D3748 /* Debug */,
				7CE3F22C2C60CCA9009D3748 /* Release */,
			);
			defaultConfigurationIsVisible = 0;
			defaultConfigurationName = Release;
		};
		7CE3F22D2C60CCA9009D3748 /* Build configuration list for PBXNativeTarget "ScrumdingerTests" */ = {
			isa = XCConfigurationList;
			buildConfigurations = (
				7CE3F22E2C60CCA9009D3748 /* Debug */,
				7CE3F22F2C60CCA9009D3748 /* Release */,
			);
			defaultConfigurationIsVisible = 0;
			defaultConfigurationName = Release;
		};
		7CE3F2302C60CCA9009D3748 /* Build configuration list for PBXNativeTarget "ScrumdingerUITests" */ = {
			isa = XCConfigurationList;
			buildConfigurations = (
				7CE3F2312C60CCA9009D3748 /* Debug */,
				7CE3F2322C60CCA9009D3748 /* Release */,
			);
			defaultConfigurationIsVisible = 0;
			defaultConfigurationName = Release;
		};
/* End XCConfigurationList section */
	};
	rootObject = 7CE3F1FE2C60CCA8009D3748 /* Project object */;
}
